<?xml version="1.0" encoding="utf-8"?>
<Project ToolsVersion="4.0" xmlns="http://schemas.microsoft.com/developer/msbuild/2003">
  <ItemGroup>
    <Filter Include="Class">
      <UniqueIdentifier>{6790e17f-dfc8-4405-9113-873208921c5a}</UniqueIdentifier>
    </Filter>
    <Filter Include="Homework">
      <UniqueIdentifier>{3a76d097-a3c4-49fd-a817-55d96c5455f6}</UniqueIdentifier>
    </Filter>
  </ItemGroup>
  <ItemGroup>
    <ClCompile Include="task1_ArrayDeclarationInitialization.cpp">
      <Filter>Homework</Filter>
    </ClCompile>
    <ClCompile Include="task2_StringDeclarationUsage.cpp">
      <Filter>Homework</Filter>
    </ClCompile>
    <ClCompile Include="task3_ArrayOfStrings.cpp">
      <Filter>Homework</Filter>
    </ClCompile>
    <ClCompile Include="task4_MultiDimensionalArrays.cpp">
      <Filter>Homework</Filter>
    </ClCompile>
    <ClCompile Include="task5_SwappingWithoutIf.cpp">
      <Filter>Homework</Filter>
    </ClCompile>
  </ItemGroup>
</Project>