
Microsoft Visual Studio Solution File, Format Version 12.00
# Visual Studio Version 17
VisualStudioVersion = 17.6.33815.320
MinimumVisualStudioVersion = 10.0.40219.1
Project("{8BC9CEB8-8B4A-11D0-8D11-00A0C91BC942}") = "DefiningVariables", "DefiningVariables\DefiningVariables.vcxproj", "{DC3B608F-BA6B-48AE-997F-99D52C66501C}"
EndProject
Global
	GlobalSection(SolutionConfigurationPlatforms) = preSolution
		Debug|x64 = Debug|x64
		Debug|x86 = Debug|x86
		Release|x64 = Release|x64
		Release|x86 = Release|x86
	EndGlobalSection
	GlobalSection(ProjectConfigurationPlatforms) = postSolution
		{DC3B608F-BA6B-48AE-997F-99D52C66501C}.Debug|x64.ActiveCfg = Debug|x64
		{DC3B608F-BA6B-48AE-997F-99D52C66501C}.Debug|x64.Build.0 = Debug|x64
		{DC3B608F-BA6B-48AE-997F-99D52C66501C}.Debug|x86.ActiveCfg = Debug|Win32
		{DC3B608F-BA6B-48AE-997F-99D52C66501C}.Debug|x86.Build.0 = Debug|Win32
		{DC3B608F-BA6B-48AE-997F-99D52C66501C}.Release|x64.ActiveCfg = Release|x64
		{DC3B608F-BA6B-48AE-997F-99D52C66501C}.Release|x64.Build.0 = Release|x64
		{DC3B608F-BA6B-48AE-997F-99D52C66501C}.Release|x86.ActiveCfg = Release|Win32
		{DC3B608F-BA6B-48AE-997F-99D52C66501C}.Release|x86.Build.0 = Release|Win32
	EndGlobalSection
	GlobalSection(SolutionProperties) = preSolution
		HideSolutionNode = FALSE
	EndGlobalSection
	GlobalSection(ExtensibilityGlobals) = postSolution
		SolutionGuid = {AD66EB22-C87A-41A2-B936-DA77FA1F70FA}
	EndGlobalSection
EndGlobal
