
Microsoft Visual Studio Solution File, Format Version 12.00
# Visual Studio Version 17
VisualStudioVersion = 17.6.33815.320
MinimumVisualStudioVersion = 10.0.40219.1
Project("{8BC9CEB8-8B4A-11D0-8D11-00A0C91BC942}") = "test", "test.vcxproj", "{909E1108-5BE5-47BB-93EC-BD5C9B383086}"
EndProject
Global
	GlobalSection(SolutionConfigurationPlatforms) = preSolution
		Debug|x64 = Debug|x64
		Debug|x86 = Debug|x86
		Release|x64 = Release|x64
		Release|x86 = Release|x86
	EndGlobalSection
	GlobalSection(ProjectConfigurationPlatforms) = postSolution
		{909E1108-5BE5-47BB-93EC-BD5C9B383086}.Debug|x64.ActiveCfg = Debug|x64
		{909E1108-5BE5-47BB-93EC-BD5C9B383086}.Debug|x64.Build.0 = Debug|x64
		{909E1108-5BE5-47BB-93EC-BD5C9B383086}.Debug|x86.ActiveCfg = Debug|Win32
		{909E1108-5BE5-47BB-93EC-BD5C9B383086}.Debug|x86.Build.0 = Debug|Win32
		{909E1108-5BE5-47BB-93EC-BD5C9B383086}.Release|x64.ActiveCfg = Release|x64
		{909E1108-5BE5-47BB-93EC-BD5C9B383086}.Release|x64.Build.0 = Release|x64
		{909E1108-5BE5-47BB-93EC-BD5C9B383086}.Release|x86.ActiveCfg = Release|Win32
		{909E1108-5BE5-47BB-93EC-BD5C9B383086}.Release|x86.Build.0 = Release|Win32
	EndGlobalSection
	GlobalSection(SolutionProperties) = preSolution
		HideSolutionNode = FALSE
	EndGlobalSection
	GlobalSection(ExtensibilityGlobals) = postSolution
		SolutionGuid = {DF0AE696-026F-442A-BB05-ED25B166C1DE}
	EndGlobalSection
EndGlobal
