
Microsoft Visual Studio Solution File, Format Version 12.00
# Visual Studio Version 17
VisualStudioVersion = 17.5.33627.172
MinimumVisualStudioVersion = 10.0.40219.1
Project("{8BC9CEB8-8B4A-11D0-8D11-00A0C91BC942}") = "task1_ArithmeticOperators", "task1_ArithmeticOperators\task1_ArithmeticOperators.vcxproj", "{EEDE56BA-B794-4A63-AB64-A6D7FCD71F2C}"
EndProject
Project("{8BC9CEB8-8B4A-11D0-8D11-00A0C91BC942}") = "task2_IncrementDecrementOperators", "task2_IncrementDecrementOperators\task2_IncrementDecrementOperators.vcxproj", "{61F990AF-C201-4BA2-9905-1C9A1152A2A5}"
EndProject
Project("{8BC9CEB8-8B4A-11D0-8D11-00A0C91BC942}") = "task3_EqualityInequalityOperators", "task3_EqualityInequalityOperators\task3_EqualityInequalityOperators.vcxproj", "{51BE5578-E648-4206-B8F5-53E4CA25D07E}"
EndProject
Project("{8BC9CEB8-8B4A-11D0-8D11-00A0C91BC942}") = "task4_RelationalOperators", "task4_RelationalOperators\task4_RelationalOperators.vcxproj", "{4108FF51-3261-40A5-BB6F-1E6577643E2C}"
EndProject
Project("{8BC9CEB8-8B4A-11D0-8D11-00A0C91BC942}") = "task5_LogicalOperators", "task5_LogicalOperators\task5_LogicalOperators.vcxproj", "{A97052DD-905D-4529-B2C8-DAD0644AB3B4}"
EndProject
Project("{8BC9CEB8-8B4A-11D0-8D11-00A0C91BC942}") = "task6_BitwiseOperators", "task6_BitwiseOperators\task6_BitwiseOperators.vcxproj", "{0EA55DB9-CC33-461D-A91F-47B8C00990C4}"
EndProject
Project("{8BC9CEB8-8B4A-11D0-8D11-00A0C91BC942}") = "task7_BitwiseShiftOperators", "task7_BitwiseShiftOperators\task7_BitwiseShiftOperators.vcxproj", "{A14DD428-8A7D-4EFC-9E5B-E83FF59D0779}"
EndProject
Project("{8BC9CEB8-8B4A-11D0-8D11-00A0C91BC942}") = "task8_CompoundAssignmentOperators", "task8_CompoundAssignmentOperators\task8_CompoundAssignmentOperators.vcxproj", "{79F7773B-D37A-46A1-BD59-E144F5931FEB}"
EndProject
Project("{8BC9CEB8-8B4A-11D0-8D11-00A0C91BC942}") = "task9_sizeofOperator", "task9_sizeofOperator\task9_sizeofOperator.vcxproj", "{826059EB-B176-46E2-9438-8EEEF0E2C7E1}"
EndProject
Project("{8BC9CEB8-8B4A-11D0-8D11-00A0C91BC942}") = "task10_OperatorPrecedence", "task10_OperatorPrecedence\task10_OperatorPrecedence.vcxproj", "{62B19455-9AA5-428C-B7B7-BCAC6AB48982}"
EndProject
Global
	GlobalSection(SolutionConfigurationPlatforms) = preSolution
		Debug|x64 = Debug|x64
		Debug|x86 = Debug|x86
		Release|x64 = Release|x64
		Release|x86 = Release|x86
	EndGlobalSection
	GlobalSection(ProjectConfigurationPlatforms) = postSolution
		{EEDE56BA-B794-4A63-AB64-A6D7FCD71F2C}.Debug|x64.ActiveCfg = Debug|x64
		{EEDE56BA-B794-4A63-AB64-A6D7FCD71F2C}.Debug|x64.Build.0 = Debug|x64
		{EEDE56BA-B794-4A63-AB64-A6D7FCD71F2C}.Debug|x86.ActiveCfg = Debug|Win32
		{EEDE56BA-B794-4A63-AB64-A6D7FCD71F2C}.Debug|x86.Build.0 = Debug|Win32
		{EEDE56BA-B794-4A63-AB64-A6D7FCD71F2C}.Release|x64.ActiveCfg = Release|x64
		{EEDE56BA-B794-4A63-AB64-A6D7FCD71F2C}.Release|x64.Build.0 = Release|x64
		{EEDE56BA-B794-4A63-AB64-A6D7FCD71F2C}.Release|x86.ActiveCfg = Release|Win32
		{EEDE56BA-B794-4A63-AB64-A6D7FCD71F2C}.Release|x86.Build.0 = Release|Win32
		{61F990AF-C201-4BA2-9905-1C9A1152A2A5}.Debug|x64.ActiveCfg = Debug|x64
		{61F990AF-C201-4BA2-9905-1C9A1152A2A5}.Debug|x64.Build.0 = Debug|x64
		{61F990AF-C201-4BA2-9905-1C9A1152A2A5}.Debug|x86.ActiveCfg = Debug|Win32
		{61F990AF-C201-4BA2-9905-1C9A1152A2A5}.Debug|x86.Build.0 = Debug|Win32
		{61F990AF-C201-4BA2-9905-1C9A1152A2A5}.Release|x64.ActiveCfg = Release|x64
		{61F990AF-C201-4BA2-9905-1C9A1152A2A5}.Release|x64.Build.0 = Release|x64
		{61F990AF-C201-4BA2-9905-1C9A1152A2A5}.Release|x86.ActiveCfg = Release|Win32
		{61F990AF-C201-4BA2-9905-1C9A1152A2A5}.Release|x86.Build.0 = Release|Win32
		{51BE5578-E648-4206-B8F5-53E4CA25D07E}.Debug|x64.ActiveCfg = Debug|x64
		{51BE5578-E648-4206-B8F5-53E4CA25D07E}.Debug|x64.Build.0 = Debug|x64
		{51BE5578-E648-4206-B8F5-53E4CA25D07E}.Debug|x86.ActiveCfg = Debug|Win32
		{51BE5578-E648-4206-B8F5-53E4CA25D07E}.Debug|x86.Build.0 = Debug|Win32
		{51BE5578-E648-4206-B8F5-53E4CA25D07E}.Release|x64.ActiveCfg = Release|x64
		{51BE5578-E648-4206-B8F5-53E4CA25D07E}.Release|x64.Build.0 = Release|x64
		{51BE5578-E648-4206-B8F5-53E4CA25D07E}.Release|x86.ActiveCfg = Release|Win32
		{51BE5578-E648-4206-B8F5-53E4CA25D07E}.Release|x86.Build.0 = Release|Win32
		{4108FF51-3261-40A5-BB6F-1E6577643E2C}.Debug|x64.ActiveCfg = Debug|x64
		{4108FF51-3261-40A5-BB6F-1E6577643E2C}.Debug|x64.Build.0 = Debug|x64
		{4108FF51-3261-40A5-BB6F-1E6577643E2C}.Debug|x86.ActiveCfg = Debug|Win32
		{4108FF51-3261-40A5-BB6F-1E6577643E2C}.Debug|x86.Build.0 = Debug|Win32
		{4108FF51-3261-40A5-BB6F-1E6577643E2C}.Release|x64.ActiveCfg = Release|x64
		{4108FF51-3261-40A5-BB6F-1E6577643E2C}.Release|x64.Build.0 = Release|x64
		{4108FF51-3261-40A5-BB6F-1E6577643E2C}.Release|x86.ActiveCfg = Release|Win32
		{4108FF51-3261-40A5-BB6F-1E6577643E2C}.Release|x86.Build.0 = Release|Win32
		{A97052DD-905D-4529-B2C8-DAD0644AB3B4}.Debug|x64.ActiveCfg = Debug|x64
		{A97052DD-905D-4529-B2C8-DAD0644AB3B4}.Debug|x64.Build.0 = Debug|x64
		{A97052DD-905D-4529-B2C8-DAD0644AB3B4}.Debug|x86.ActiveCfg = Debug|Win32
		{A97052DD-905D-4529-B2C8-DAD0644AB3B4}.Debug|x86.Build.0 = Debug|Win32
		{A97052DD-905D-4529-B2C8-DAD0644AB3B4}.Release|x64.ActiveCfg = Release|x64
		{A97052DD-905D-4529-B2C8-DAD0644AB3B4}.Release|x64.Build.0 = Release|x64
		{A97052DD-905D-4529-B2C8-DAD0644AB3B4}.Release|x86.ActiveCfg = Release|Win32
		{A97052DD-905D-4529-B2C8-DAD0644AB3B4}.Release|x86.Build.0 = Release|Win32
		{0EA55DB9-CC33-461D-A91F-47B8C00990C4}.Debug|x64.ActiveCfg = Debug|x64
		{0EA55DB9-CC33-461D-A91F-47B8C00990C4}.Debug|x64.Build.0 = Debug|x64
		{0EA55DB9-CC33-461D-A91F-47B8C00990C4}.Debug|x86.ActiveCfg = Debug|Win32
		{0EA55DB9-CC33-461D-A91F-47B8C00990C4}.Debug|x86.Build.0 = Debug|Win32
		{0EA55DB9-CC33-461D-A91F-47B8C00990C4}.Release|x64.ActiveCfg = Release|x64
		{0EA55DB9-CC33-461D-A91F-47B8C00990C4}.Release|x64.Build.0 = Release|x64
		{0EA55DB9-CC33-461D-A91F-47B8C00990C4}.Release|x86.ActiveCfg = Release|Win32
		{0EA55DB9-CC33-461D-A91F-47B8C00990C4}.Release|x86.Build.0 = Release|Win32
		{A14DD428-8A7D-4EFC-9E5B-E83FF59D0779}.Debug|x64.ActiveCfg = Debug|x64
		{A14DD428-8A7D-4EFC-9E5B-E83FF59D0779}.Debug|x64.Build.0 = Debug|x64
		{A14DD428-8A7D-4EFC-9E5B-E83FF59D0779}.Debug|x86.ActiveCfg = Debug|Win32
		{A14DD428-8A7D-4EFC-9E5B-E83FF59D0779}.Debug|x86.Build.0 = Debug|Win32
		{A14DD428-8A7D-4EFC-9E5B-E83FF59D0779}.Release|x64.ActiveCfg = Release|x64
		{A14DD428-8A7D-4EFC-9E5B-E83FF59D0779}.Release|x64.Build.0 = Release|x64
		{A14DD428-8A7D-4EFC-9E5B-E83FF59D0779}.Release|x86.ActiveCfg = Release|Win32
		{A14DD428-8A7D-4EFC-9E5B-E83FF59D0779}.Release|x86.Build.0 = Release|Win32
		{79F7773B-D37A-46A1-BD59-E144F5931FEB}.Debug|x64.ActiveCfg = Debug|x64
		{79F7773B-D37A-46A1-BD59-E144F5931FEB}.Debug|x64.Build.0 = Debug|x64
		{79F7773B-D37A-46A1-BD59-E144F5931FEB}.Debug|x86.ActiveCfg = Debug|Win32
		{79F7773B-D37A-46A1-BD59-E144F5931FEB}.Debug|x86.Build.0 = Debug|Win32
		{79F7773B-D37A-46A1-BD59-E144F5931FEB}.Release|x64.ActiveCfg = Release|x64
		{79F7773B-D37A-46A1-BD59-E144F5931FEB}.Release|x64.Build.0 = Release|x64
		{79F7773B-D37A-46A1-BD59-E144F5931FEB}.Release|x86.ActiveCfg = Release|Win32
		{79F7773B-D37A-46A1-BD59-E144F5931FEB}.Release|x86.Build.0 = Release|Win32
		{826059EB-B176-46E2-9438-8EEEF0E2C7E1}.Debug|x64.ActiveCfg = Debug|x64
		{826059EB-B176-46E2-9438-8EEEF0E2C7E1}.Debug|x64.Build.0 = Debug|x64
		{826059EB-B176-46E2-9438-8EEEF0E2C7E1}.Debug|x86.ActiveCfg = Debug|Win32
		{826059EB-B176-46E2-9438-8EEEF0E2C7E1}.Debug|x86.Build.0 = Debug|Win32
		{826059EB-B176-46E2-9438-8EEEF0E2C7E1}.Release|x64.ActiveCfg = Release|x64
		{826059EB-B176-46E2-9438-8EEEF0E2C7E1}.Release|x64.Build.0 = Release|x64
		{826059EB-B176-46E2-9438-8EEEF0E2C7E1}.Release|x86.ActiveCfg = Release|Win32
		{826059EB-B176-46E2-9438-8EEEF0E2C7E1}.Release|x86.Build.0 = Release|Win32
		{62B19455-9AA5-428C-B7B7-BCAC6AB48982}.Debug|x64.ActiveCfg = Debug|x64
		{62B19455-9AA5-428C-B7B7-BCAC6AB48982}.Debug|x64.Build.0 = Debug|x64
		{62B19455-9AA5-428C-B7B7-BCAC6AB48982}.Debug|x86.ActiveCfg = Debug|Win32
		{62B19455-9AA5-428C-B7B7-BCAC6AB48982}.Debug|x86.Build.0 = Debug|Win32
		{62B19455-9AA5-428C-B7B7-BCAC6AB48982}.Release|x64.ActiveCfg = Release|x64
		{62B19455-9AA5-428C-B7B7-BCAC6AB48982}.Release|x64.Build.0 = Release|x64
		{62B19455-9AA5-428C-B7B7-BCAC6AB48982}.Release|x86.ActiveCfg = Release|Win32
		{62B19455-9AA5-428C-B7B7-BCAC6AB48982}.Release|x86.Build.0 = Release|Win32
	EndGlobalSection
	GlobalSection(SolutionProperties) = preSolution
		HideSolutionNode = FALSE
	EndGlobalSection
	GlobalSection(ExtensibilityGlobals) = postSolution
		SolutionGuid = {CA77EE1C-AF72-4396-A301-7DB4427A2AAE}
	EndGlobalSection
EndGlobal
