<?xml version="1.0" encoding="utf-8"?>
<Project ToolsVersion="4.0" xmlns="http://schemas.microsoft.com/developer/msbuild/2003">
  <ItemGroup>
    <Filter Include="Class">
      <UniqueIdentifier>{ac45e607-0d0e-4e48-a891-b4826f58df05}</UniqueIdentifier>
    </Filter>
    <Filter Include="Homework">
      <UniqueIdentifier>{ff19128c-9f1b-46c0-8600-fb1c897ef0c6}</UniqueIdentifier>
    </Filter>
  </ItemGroup>
  <ItemGroup>
    <ClCompile Include="task1_defining_variables.cpp">
      <Filter>Homework</Filter>
    </ClCompile>
    <ClCompile Include="task2_using_variables.cpp">
      <Filter>Homework</Filter>
    </ClCompile>
    <ClCompile Include="task3_defining_using_constants.cpp">
      <Filter>Homework</Filter>
    </ClCompile>
    <ClCompile Include="task4_variable_conversion.cpp">
      <Filter>Homework</Filter>
    </ClCompile>
    <ClCompile Include="task5_using_const_constexpr.cpp">
      <Filter>Homework</Filter>
    </ClCompile>
    <ClCompile Include="task6_bonus.cpp">
      <Filter>Homework</Filter>
    </ClCompile>
  </ItemGroup>
</Project>