
Microsoft Visual Studio Solution File, Format Version 12.00
# Visual Studio Version 17
VisualStudioVersion = 17.5.33627.172
MinimumVisualStudioVersion = 10.0.40219.1
Project("{8BC9CEB8-8B4A-11D0-8D11-00A0C91BC942}") = "task2_using_variables", "task2_using_variables\task2_using_variables.vcxproj", "{37CFAB4F-5A65-4D52-849F-03EC874B86AB}"
EndProject
Project("{8BC9CEB8-8B4A-11D0-8D11-00A0C91BC942}") = "task3_defining_using_constants", "task3_defining_using_constants\task3_defining_using_constants.vcxproj", "{D3C433FA-EAA6-4A3E-B857-0CF0F65F85FD}"
EndProject
Project("{8BC9CEB8-8B4A-11D0-8D11-00A0C91BC942}") = "task4_variable_conversion", "task4_variable_conversion\task4_variable_conversion.vcxproj", "{5B29D6A5-ACF7-4529-AEDA-D68250F383DF}"
EndProject
Project("{8BC9CEB8-8B4A-11D0-8D11-00A0C91BC942}") = "task5_using_const_constexpr", "task5_using_const_constexpr\task5_using_const_constexpr.vcxproj", "{80933606-F855-4049-9B0F-CB33107FB546}"
EndProject
Project("{8BC9CEB8-8B4A-11D0-8D11-00A0C91BC942}") = "task6_bonus", "task6_bonus\task6_bonus.vcxproj", "{55B08E15-77F5-4D65-ACDA-1CFDC8B26929}"
EndProject
Project("{8BC9CEB8-8B4A-11D0-8D11-00A0C91BC942}") = "task1_defining_variables", "task1_defining_variables\task1_defining_variables.vcxproj", "{14F74376-6A2F-4E7B-9074-73819AACDAFC}"
EndProject
Global
	GlobalSection(SolutionConfigurationPlatforms) = preSolution
		Debug|x64 = Debug|x64
		Debug|x86 = Debug|x86
		Release|x64 = Release|x64
		Release|x86 = Release|x86
	EndGlobalSection
	GlobalSection(ProjectConfigurationPlatforms) = postSolution
		{37CFAB4F-5A65-4D52-849F-03EC874B86AB}.Debug|x64.ActiveCfg = Debug|x64
		{37CFAB4F-5A65-4D52-849F-03EC874B86AB}.Debug|x64.Build.0 = Debug|x64
		{37CFAB4F-5A65-4D52-849F-03EC874B86AB}.Debug|x86.ActiveCfg = Debug|Win32
		{37CFAB4F-5A65-4D52-849F-03EC874B86AB}.Debug|x86.Build.0 = Debug|Win32
		{37CFAB4F-5A65-4D52-849F-03EC874B86AB}.Release|x64.ActiveCfg = Release|x64
		{37CFAB4F-5A65-4D52-849F-03EC874B86AB}.Release|x64.Build.0 = Release|x64
		{37CFAB4F-5A65-4D52-849F-03EC874B86AB}.Release|x86.ActiveCfg = Release|Win32
		{37CFAB4F-5A65-4D52-849F-03EC874B86AB}.Release|x86.Build.0 = Release|Win32
		{D3C433FA-EAA6-4A3E-B857-0CF0F65F85FD}.Debug|x64.ActiveCfg = Debug|x64
		{D3C433FA-EAA6-4A3E-B857-0CF0F65F85FD}.Debug|x64.Build.0 = Debug|x64
		{D3C433FA-EAA6-4A3E-B857-0CF0F65F85FD}.Debug|x86.ActiveCfg = Debug|Win32
		{D3C433FA-EAA6-4A3E-B857-0CF0F65F85FD}.Debug|x86.Build.0 = Debug|Win32
		{D3C433FA-EAA6-4A3E-B857-0CF0F65F85FD}.Release|x64.ActiveCfg = Release|x64
		{D3C433FA-EAA6-4A3E-B857-0CF0F65F85FD}.Release|x64.Build.0 = Release|x64
		{D3C433FA-EAA6-4A3E-B857-0CF0F65F85FD}.Release|x86.ActiveCfg = Release|Win32
		{D3C433FA-EAA6-4A3E-B857-0CF0F65F85FD}.Release|x86.Build.0 = Release|Win32
		{5B29D6A5-ACF7-4529-AEDA-D68250F383DF}.Debug|x64.ActiveCfg = Debug|x64
		{5B29D6A5-ACF7-4529-AEDA-D68250F383DF}.Debug|x64.Build.0 = Debug|x64
		{5B29D6A5-ACF7-4529-AEDA-D68250F383DF}.Debug|x86.ActiveCfg = Debug|Win32
		{5B29D6A5-ACF7-4529-AEDA-D68250F383DF}.Debug|x86.Build.0 = Debug|Win32
		{5B29D6A5-ACF7-4529-AEDA-D68250F383DF}.Release|x64.ActiveCfg = Release|x64
		{5B29D6A5-ACF7-4529-AEDA-D68250F383DF}.Release|x64.Build.0 = Release|x64
		{5B29D6A5-ACF7-4529-AEDA-D68250F383DF}.Release|x86.ActiveCfg = Release|Win32
		{5B29D6A5-ACF7-4529-AEDA-D68250F383DF}.Release|x86.Build.0 = Release|Win32
		{80933606-F855-4049-9B0F-CB33107FB546}.Debug|x64.ActiveCfg = Debug|x64
		{80933606-F855-4049-9B0F-CB33107FB546}.Debug|x64.Build.0 = Debug|x64
		{80933606-F855-4049-9B0F-CB33107FB546}.Debug|x86.ActiveCfg = Debug|Win32
		{80933606-F855-4049-9B0F-CB33107FB546}.Debug|x86.Build.0 = Debug|Win32
		{80933606-F855-4049-9B0F-CB33107FB546}.Release|x64.ActiveCfg = Release|x64
		{80933606-F855-4049-9B0F-CB33107FB546}.Release|x64.Build.0 = Release|x64
		{80933606-F855-4049-9B0F-CB33107FB546}.Release|x86.ActiveCfg = Release|Win32
		{80933606-F855-4049-9B0F-CB33107FB546}.Release|x86.Build.0 = Release|Win32
		{55B08E15-77F5-4D65-ACDA-1CFDC8B26929}.Debug|x64.ActiveCfg = Debug|x64
		{55B08E15-77F5-4D65-ACDA-1CFDC8B26929}.Debug|x64.Build.0 = Debug|x64
		{55B08E15-77F5-4D65-ACDA-1CFDC8B26929}.Debug|x86.ActiveCfg = Debug|Win32
		{55B08E15-77F5-4D65-ACDA-1CFDC8B26929}.Debug|x86.Build.0 = Debug|Win32
		{55B08E15-77F5-4D65-ACDA-1CFDC8B26929}.Release|x64.ActiveCfg = Release|x64
		{55B08E15-77F5-4D65-ACDA-1CFDC8B26929}.Release|x64.Build.0 = Release|x64
		{55B08E15-77F5-4D65-ACDA-1CFDC8B26929}.Release|x86.ActiveCfg = Release|Win32
		{55B08E15-77F5-4D65-ACDA-1CFDC8B26929}.Release|x86.Build.0 = Release|Win32
		{14F74376-6A2F-4E7B-9074-73819AACDAFC}.Debug|x64.ActiveCfg = Debug|x64
		{14F74376-6A2F-4E7B-9074-73819AACDAFC}.Debug|x64.Build.0 = Debug|x64
		{14F74376-6A2F-4E7B-9074-73819AACDAFC}.Debug|x86.ActiveCfg = Debug|Win32
		{14F74376-6A2F-4E7B-9074-73819AACDAFC}.Debug|x86.Build.0 = Debug|Win32
		{14F74376-6A2F-4E7B-9074-73819AACDAFC}.Release|x64.ActiveCfg = Release|x64
		{14F74376-6A2F-4E7B-9074-73819AACDAFC}.Release|x64.Build.0 = Release|x64
		{14F74376-6A2F-4E7B-9074-73819AACDAFC}.Release|x86.ActiveCfg = Release|Win32
		{14F74376-6A2F-4E7B-9074-73819AACDAFC}.Release|x86.Build.0 = Release|Win32
	EndGlobalSection
	GlobalSection(SolutionProperties) = preSolution
		HideSolutionNode = FALSE
	EndGlobalSection
	GlobalSection(ExtensibilityGlobals) = postSolution
		SolutionGuid = {995E3327-6C68-47AC-9BA7-F6F32947C048}
	EndGlobalSection
EndGlobal
