
Microsoft Visual Studio Solution File, Format Version 12.00
# Visual Studio Version 17
VisualStudioVersion = 17.5.33627.172
MinimumVisualStudioVersion = 10.0.40219.1
Project("{8BC9CEB8-8B4A-11D0-8D11-00A0C91BC942}") = "task1_ConditionalExecutionUsingIfElse", "task1_ConditionalExecutionUsingIfElse\task1_ConditionalExecutionUsingIfElse.vcxproj", "{2D47E68B-533C-493F-9CA5-9CFF1DDB7D5C}"
EndProject
Project("{8BC9CEB8-8B4A-11D0-8D11-00A0C91BC942}") = "task2_ConditionalProgrammingUsingIfElse", "task2_ConditionalProgrammingUsingIfElse\task2_ConditionalProgrammingUsingIfElse.vcxproj", "{D42F8A30-3162-4125-A605-27B20EF63586}"
EndProject
Project("{8BC9CEB8-8B4A-11D0-8D11-00A0C91BC942}") = "task3_NestedIfStatements", "task3_NestedIfStatements\task3_NestedIfStatements.vcxproj", "{7C9DBD50-FA7D-4EBD-BE66-9AEA139A048D}"
EndProject
Project("{8BC9CEB8-8B4A-11D0-8D11-00A0C91BC942}") = "task4_ConditionalProcessingUsingSwitchCase", "task4_ConditionalProcessingUsingSwitchCase\task4_ConditionalProcessingUsingSwitchCase.vcxproj", "{9C91F532-812B-4FFF-A13D-D74EC4726EDD}"
EndProject
Project("{8BC9CEB8-8B4A-11D0-8D11-00A0C91BC942}") = "task5_ConditionalExecutionUsingOperator", "task5_ConditionalExecutionUsingOperator\task5_ConditionalExecutionUsingOperator.vcxproj", "{46B665C8-5E6A-4CD3-B364-39E3D42D4F56}"
EndProject
Project("{8BC9CEB8-8B4A-11D0-8D11-00A0C91BC942}") = "task6_GettingCodeExecuteLoops", "task6_GettingCodeExecuteLoops\task6_GettingCodeExecuteLoops.vcxproj", "{7512C6B5-C0FA-482E-BF15-3FEA0A6B7986}"
EndProject
Project("{8BC9CEB8-8B4A-11D0-8D11-00A0C91BC942}") = "task7_RudimentaryLoopUsingGoto", "task7_RudimentaryLoopUsingGoto\task7_RudimentaryLoopUsingGoto.vcxproj", "{70B36B25-2A7A-4D04-A760-10368E76D0F8}"
EndProject
Project("{8BC9CEB8-8B4A-11D0-8D11-00A0C91BC942}") = "task8_WhileLoop", "task8_WhileLoop\task8_WhileLoop.vcxproj", "{7B2A9C68-B6F0-4F67-8A0F-51F5850EB533}"
EndProject
Project("{8BC9CEB8-8B4A-11D0-8D11-00A0C91BC942}") = "task9_DoWhileLoop", "task9_DoWhileLoop\task9_DoWhileLoop.vcxproj", "{3EFD2A4A-81C3-437B-AE46-4F334105221E}"
EndProject
Project("{8BC9CEB8-8B4A-11D0-8D11-00A0C91BC942}") = "task10_ForLoop", "task10_ForLoop\task10_ForLoop.vcxproj", "{B1D3DCCD-D6EA-4AF3-8FE7-63A9CB896B23}"
EndProject
Project("{8BC9CEB8-8B4A-11D0-8D11-00A0C91BC942}") = "task11_RangeBasedLoop", "task11_RangeBasedLoop\task11_RangeBasedLoop.vcxproj", "{41324AA0-99E6-4A5D-BB35-FF6842B90502}"
EndProject
Project("{8BC9CEB8-8B4A-11D0-8D11-00A0C91BC942}") = "task12_ContinueBreak", "task12_ContinueBreak\task12_ContinueBreak.vcxproj", "{0E24FA17-A4F2-402A-982E-27145243A0D1}"
EndProject
Project("{8BC9CEB8-8B4A-11D0-8D11-00A0C91BC942}") = "task13_InfiniteLoops", "task13_InfiniteLoops\task13_InfiniteLoops.vcxproj", "{119A02E3-3854-49EE-8E26-48834675CEC7}"
EndProject
Project("{8BC9CEB8-8B4A-11D0-8D11-00A0C91BC942}") = "task14_ControllingInfiniteLoops", "task14_ControllingInfiniteLoops\task14_ControllingInfiniteLoops.vcxproj", "{0C0F7463-8AFA-4171-9262-80E941B5F44E}"
EndProject
Project("{8BC9CEB8-8B4A-11D0-8D11-00A0C91BC942}") = "task15_NestedLoops", "task15_NestedLoops\task15_NestedLoops.vcxproj", "{5427791D-2320-447D-961B-909C5D5A627A}"
EndProject
Project("{8BC9CEB8-8B4A-11D0-8D11-00A0C91BC942}") = "task16_NestedLoopsMultidimensionalArray", "task16_NestedLoopsMultidimensionalArray\task16_NestedLoopsMultidimensionalArray.vcxproj", "{69D76FB8-9D67-4F76-BDB9-BE51FB453ECA}"
EndProject
Project("{8BC9CEB8-8B4A-11D0-8D11-00A0C91BC942}") = "task17_NestedLoopsPyramidPattern", "task17_NestedLoopsPyramidPattern\task17_NestedLoopsPyramidPattern.vcxproj", "{BC1BC600-D13E-43B2-A3D9-62677AB80EAA}"
EndProject
Global
	GlobalSection(SolutionConfigurationPlatforms) = preSolution
		Debug|x64 = Debug|x64
		Debug|x86 = Debug|x86
		Release|x64 = Release|x64
		Release|x86 = Release|x86
	EndGlobalSection
	GlobalSection(ProjectConfigurationPlatforms) = postSolution
		{2D47E68B-533C-493F-9CA5-9CFF1DDB7D5C}.Debug|x64.ActiveCfg = Debug|x64
		{2D47E68B-533C-493F-9CA5-9CFF1DDB7D5C}.Debug|x64.Build.0 = Debug|x64
		{2D47E68B-533C-493F-9CA5-9CFF1DDB7D5C}.Debug|x86.ActiveCfg = Debug|Win32
		{2D47E68B-533C-493F-9CA5-9CFF1DDB7D5C}.Debug|x86.Build.0 = Debug|Win32
		{2D47E68B-533C-493F-9CA5-9CFF1DDB7D5C}.Release|x64.ActiveCfg = Release|x64
		{2D47E68B-533C-493F-9CA5-9CFF1DDB7D5C}.Release|x64.Build.0 = Release|x64
		{2D47E68B-533C-493F-9CA5-9CFF1DDB7D5C}.Release|x86.ActiveCfg = Release|Win32
		{2D47E68B-533C-493F-9CA5-9CFF1DDB7D5C}.Release|x86.Build.0 = Release|Win32
		{D42F8A30-3162-4125-A605-27B20EF63586}.Debug|x64.ActiveCfg = Debug|x64
		{D42F8A30-3162-4125-A605-27B20EF63586}.Debug|x64.Build.0 = Debug|x64
		{D42F8A30-3162-4125-A605-27B20EF63586}.Debug|x86.ActiveCfg = Debug|Win32
		{D42F8A30-3162-4125-A605-27B20EF63586}.Debug|x86.Build.0 = Debug|Win32
		{D42F8A30-3162-4125-A605-27B20EF63586}.Release|x64.ActiveCfg = Release|x64
		{D42F8A30-3162-4125-A605-27B20EF63586}.Release|x64.Build.0 = Release|x64
		{D42F8A30-3162-4125-A605-27B20EF63586}.Release|x86.ActiveCfg = Release|Win32
		{D42F8A30-3162-4125-A605-27B20EF63586}.Release|x86.Build.0 = Release|Win32
		{7C9DBD50-FA7D-4EBD-BE66-9AEA139A048D}.Debug|x64.ActiveCfg = Debug|x64
		{7C9DBD50-FA7D-4EBD-BE66-9AEA139A048D}.Debug|x64.Build.0 = Debug|x64
		{7C9DBD50-FA7D-4EBD-BE66-9AEA139A048D}.Debug|x86.ActiveCfg = Debug|Win32
		{7C9DBD50-FA7D-4EBD-BE66-9AEA139A048D}.Debug|x86.Build.0 = Debug|Win32
		{7C9DBD50-FA7D-4EBD-BE66-9AEA139A048D}.Release|x64.ActiveCfg = Release|x64
		{7C9DBD50-FA7D-4EBD-BE66-9AEA139A048D}.Release|x64.Build.0 = Release|x64
		{7C9DBD50-FA7D-4EBD-BE66-9AEA139A048D}.Release|x86.ActiveCfg = Release|Win32
		{7C9DBD50-FA7D-4EBD-BE66-9AEA139A048D}.Release|x86.Build.0 = Release|Win32
		{9C91F532-812B-4FFF-A13D-D74EC4726EDD}.Debug|x64.ActiveCfg = Debug|x64
		{9C91F532-812B-4FFF-A13D-D74EC4726EDD}.Debug|x64.Build.0 = Debug|x64
		{9C91F532-812B-4FFF-A13D-D74EC4726EDD}.Debug|x86.ActiveCfg = Debug|Win32
		{9C91F532-812B-4FFF-A13D-D74EC4726EDD}.Debug|x86.Build.0 = Debug|Win32
		{9C91F532-812B-4FFF-A13D-D74EC4726EDD}.Release|x64.ActiveCfg = Release|x64
		{9C91F532-812B-4FFF-A13D-D74EC4726EDD}.Release|x64.Build.0 = Release|x64
		{9C91F532-812B-4FFF-A13D-D74EC4726EDD}.Release|x86.ActiveCfg = Release|Win32
		{9C91F532-812B-4FFF-A13D-D74EC4726EDD}.Release|x86.Build.0 = Release|Win32
		{46B665C8-5E6A-4CD3-B364-39E3D42D4F56}.Debug|x64.ActiveCfg = Debug|x64
		{46B665C8-5E6A-4CD3-B364-39E3D42D4F56}.Debug|x64.Build.0 = Debug|x64
		{46B665C8-5E6A-4CD3-B364-39E3D42D4F56}.Debug|x86.ActiveCfg = Debug|Win32
		{46B665C8-5E6A-4CD3-B364-39E3D42D4F56}.Debug|x86.Build.0 = Debug|Win32
		{46B665C8-5E6A-4CD3-B364-39E3D42D4F56}.Release|x64.ActiveCfg = Release|x64
		{46B665C8-5E6A-4CD3-B364-39E3D42D4F56}.Release|x64.Build.0 = Release|x64
		{46B665C8-5E6A-4CD3-B364-39E3D42D4F56}.Release|x86.ActiveCfg = Release|Win32
		{46B665C8-5E6A-4CD3-B364-39E3D42D4F56}.Release|x86.Build.0 = Release|Win32
		{7512C6B5-C0FA-482E-BF15-3FEA0A6B7986}.Debug|x64.ActiveCfg = Debug|x64
		{7512C6B5-C0FA-482E-BF15-3FEA0A6B7986}.Debug|x64.Build.0 = Debug|x64
		{7512C6B5-C0FA-482E-BF15-3FEA0A6B7986}.Debug|x86.ActiveCfg = Debug|Win32
		{7512C6B5-C0FA-482E-BF15-3FEA0A6B7986}.Debug|x86.Build.0 = Debug|Win32
		{7512C6B5-C0FA-482E-BF15-3FEA0A6B7986}.Release|x64.ActiveCfg = Release|x64
		{7512C6B5-C0FA-482E-BF15-3FEA0A6B7986}.Release|x64.Build.0 = Release|x64
		{7512C6B5-C0FA-482E-BF15-3FEA0A6B7986}.Release|x86.ActiveCfg = Release|Win32
		{7512C6B5-C0FA-482E-BF15-3FEA0A6B7986}.Release|x86.Build.0 = Release|Win32
		{70B36B25-2A7A-4D04-A760-10368E76D0F8}.Debug|x64.ActiveCfg = Debug|x64
		{70B36B25-2A7A-4D04-A760-10368E76D0F8}.Debug|x64.Build.0 = Debug|x64
		{70B36B25-2A7A-4D04-A760-10368E76D0F8}.Debug|x86.ActiveCfg = Debug|Win32
		{70B36B25-2A7A-4D04-A760-10368E76D0F8}.Debug|x86.Build.0 = Debug|Win32
		{70B36B25-2A7A-4D04-A760-10368E76D0F8}.Release|x64.ActiveCfg = Release|x64
		{70B36B25-2A7A-4D04-A760-10368E76D0F8}.Release|x64.Build.0 = Release|x64
		{70B36B25-2A7A-4D04-A760-10368E76D0F8}.Release|x86.ActiveCfg = Release|Win32
		{70B36B25-2A7A-4D04-A760-10368E76D0F8}.Release|x86.Build.0 = Release|Win32
		{7B2A9C68-B6F0-4F67-8A0F-51F5850EB533}.Debug|x64.ActiveCfg = Debug|x64
		{7B2A9C68-B6F0-4F67-8A0F-51F5850EB533}.Debug|x64.Build.0 = Debug|x64
		{7B2A9C68-B6F0-4F67-8A0F-51F5850EB533}.Debug|x86.ActiveCfg = Debug|Win32
		{7B2A9C68-B6F0-4F67-8A0F-51F5850EB533}.Debug|x86.Build.0 = Debug|Win32
		{7B2A9C68-B6F0-4F67-8A0F-51F5850EB533}.Release|x64.ActiveCfg = Release|x64
		{7B2A9C68-B6F0-4F67-8A0F-51F5850EB533}.Release|x64.Build.0 = Release|x64
		{7B2A9C68-B6F0-4F67-8A0F-51F5850EB533}.Release|x86.ActiveCfg = Release|Win32
		{7B2A9C68-B6F0-4F67-8A0F-51F5850EB533}.Release|x86.Build.0 = Release|Win32
		{3EFD2A4A-81C3-437B-AE46-4F334105221E}.Debug|x64.ActiveCfg = Debug|x64
		{3EFD2A4A-81C3-437B-AE46-4F334105221E}.Debug|x64.Build.0 = Debug|x64
		{3EFD2A4A-81C3-437B-AE46-4F334105221E}.Debug|x86.ActiveCfg = Debug|Win32
		{3EFD2A4A-81C3-437B-AE46-4F334105221E}.Debug|x86.Build.0 = Debug|Win32
		{3EFD2A4A-81C3-437B-AE46-4F334105221E}.Release|x64.ActiveCfg = Release|x64
		{3EFD2A4A-81C3-437B-AE46-4F334105221E}.Release|x64.Build.0 = Release|x64
		{3EFD2A4A-81C3-437B-AE46-4F334105221E}.Release|x86.ActiveCfg = Release|Win32
		{3EFD2A4A-81C3-437B-AE46-4F334105221E}.Release|x86.Build.0 = Release|Win32
		{B1D3DCCD-D6EA-4AF3-8FE7-63A9CB896B23}.Debug|x64.ActiveCfg = Debug|x64
		{B1D3DCCD-D6EA-4AF3-8FE7-63A9CB896B23}.Debug|x64.Build.0 = Debug|x64
		{B1D3DCCD-D6EA-4AF3-8FE7-63A9CB896B23}.Debug|x86.ActiveCfg = Debug|Win32
		{B1D3DCCD-D6EA-4AF3-8FE7-63A9CB896B23}.Debug|x86.Build.0 = Debug|Win32
		{B1D3DCCD-D6EA-4AF3-8FE7-63A9CB896B23}.Release|x64.ActiveCfg = Release|x64
		{B1D3DCCD-D6EA-4AF3-8FE7-63A9CB896B23}.Release|x64.Build.0 = Release|x64
		{B1D3DCCD-D6EA-4AF3-8FE7-63A9CB896B23}.Release|x86.ActiveCfg = Release|Win32
		{B1D3DCCD-D6EA-4AF3-8FE7-63A9CB896B23}.Release|x86.Build.0 = Release|Win32
		{41324AA0-99E6-4A5D-BB35-FF6842B90502}.Debug|x64.ActiveCfg = Debug|x64
		{41324AA0-99E6-4A5D-BB35-FF6842B90502}.Debug|x64.Build.0 = Debug|x64
		{41324AA0-99E6-4A5D-BB35-FF6842B90502}.Debug|x86.ActiveCfg = Debug|Win32
		{41324AA0-99E6-4A5D-BB35-FF6842B90502}.Debug|x86.Build.0 = Debug|Win32
		{41324AA0-99E6-4A5D-BB35-FF6842B90502}.Release|x64.ActiveCfg = Release|x64
		{41324AA0-99E6-4A5D-BB35-FF6842B90502}.Release|x64.Build.0 = Release|x64
		{41324AA0-99E6-4A5D-BB35-FF6842B90502}.Release|x86.ActiveCfg = Release|Win32
		{41324AA0-99E6-4A5D-BB35-FF6842B90502}.Release|x86.Build.0 = Release|Win32
		{0E24FA17-A4F2-402A-982E-27145243A0D1}.Debug|x64.ActiveCfg = Debug|x64
		{0E24FA17-A4F2-402A-982E-27145243A0D1}.Debug|x64.Build.0 = Debug|x64
		{0E24FA17-A4F2-402A-982E-27145243A0D1}.Debug|x86.ActiveCfg = Debug|Win32
		{0E24FA17-A4F2-402A-982E-27145243A0D1}.Debug|x86.Build.0 = Debug|Win32
		{0E24FA17-A4F2-402A-982E-27145243A0D1}.Release|x64.ActiveCfg = Release|x64
		{0E24FA17-A4F2-402A-982E-27145243A0D1}.Release|x64.Build.0 = Release|x64
		{0E24FA17-A4F2-402A-982E-27145243A0D1}.Release|x86.ActiveCfg = Release|Win32
		{0E24FA17-A4F2-402A-982E-27145243A0D1}.Release|x86.Build.0 = Release|Win32
		{119A02E3-3854-49EE-8E26-48834675CEC7}.Debug|x64.ActiveCfg = Debug|x64
		{119A02E3-3854-49EE-8E26-48834675CEC7}.Debug|x64.Build.0 = Debug|x64
		{119A02E3-3854-49EE-8E26-48834675CEC7}.Debug|x86.ActiveCfg = Debug|Win32
		{119A02E3-3854-49EE-8E26-48834675CEC7}.Debug|x86.Build.0 = Debug|Win32
		{119A02E3-3854-49EE-8E26-48834675CEC7}.Release|x64.ActiveCfg = Release|x64
		{119A02E3-3854-49EE-8E26-48834675CEC7}.Release|x64.Build.0 = Release|x64
		{119A02E3-3854-49EE-8E26-48834675CEC7}.Release|x86.ActiveCfg = Release|Win32
		{119A02E3-3854-49EE-8E26-48834675CEC7}.Release|x86.Build.0 = Release|Win32
		{0C0F7463-8AFA-4171-9262-80E941B5F44E}.Debug|x64.ActiveCfg = Debug|x64
		{0C0F7463-8AFA-4171-9262-80E941B5F44E}.Debug|x64.Build.0 = Debug|x64
		{0C0F7463-8AFA-4171-9262-80E941B5F44E}.Debug|x86.ActiveCfg = Debug|Win32
		{0C0F7463-8AFA-4171-9262-80E941B5F44E}.Debug|x86.Build.0 = Debug|Win32
		{0C0F7463-8AFA-4171-9262-80E941B5F44E}.Release|x64.ActiveCfg = Release|x64
		{0C0F7463-8AFA-4171-9262-80E941B5F44E}.Release|x64.Build.0 = Release|x64
		{0C0F7463-8AFA-4171-9262-80E941B5F44E}.Release|x86.ActiveCfg = Release|Win32
		{0C0F7463-8AFA-4171-9262-80E941B5F44E}.Release|x86.Build.0 = Release|Win32
		{5427791D-2320-447D-961B-909C5D5A627A}.Debug|x64.ActiveCfg = Debug|x64
		{5427791D-2320-447D-961B-909C5D5A627A}.Debug|x64.Build.0 = Debug|x64
		{5427791D-2320-447D-961B-909C5D5A627A}.Debug|x86.ActiveCfg = Debug|Win32
		{5427791D-2320-447D-961B-909C5D5A627A}.Debug|x86.Build.0 = Debug|Win32
		{5427791D-2320-447D-961B-909C5D5A627A}.Release|x64.ActiveCfg = Release|x64
		{5427791D-2320-447D-961B-909C5D5A627A}.Release|x64.Build.0 = Release|x64
		{5427791D-2320-447D-961B-909C5D5A627A}.Release|x86.ActiveCfg = Release|Win32
		{5427791D-2320-447D-961B-909C5D5A627A}.Release|x86.Build.0 = Release|Win32
		{69D76FB8-9D67-4F76-BDB9-BE51FB453ECA}.Debug|x64.ActiveCfg = Debug|x64
		{69D76FB8-9D67-4F76-BDB9-BE51FB453ECA}.Debug|x64.Build.0 = Debug|x64
		{69D76FB8-9D67-4F76-BDB9-BE51FB453ECA}.Debug|x86.ActiveCfg = Debug|Win32
		{69D76FB8-9D67-4F76-BDB9-BE51FB453ECA}.Debug|x86.Build.0 = Debug|Win32
		{69D76FB8-9D67-4F76-BDB9-BE51FB453ECA}.Release|x64.ActiveCfg = Release|x64
		{69D76FB8-9D67-4F76-BDB9-BE51FB453ECA}.Release|x64.Build.0 = Release|x64
		{69D76FB8-9D67-4F76-BDB9-BE51FB453ECA}.Release|x86.ActiveCfg = Release|Win32
		{69D76FB8-9D67-4F76-BDB9-BE51FB453ECA}.Release|x86.Build.0 = Release|Win32
		{BC1BC600-D13E-43B2-A3D9-62677AB80EAA}.Debug|x64.ActiveCfg = Debug|x64
		{BC1BC600-D13E-43B2-A3D9-62677AB80EAA}.Debug|x64.Build.0 = Debug|x64
		{BC1BC600-D13E-43B2-A3D9-62677AB80EAA}.Debug|x86.ActiveCfg = Debug|Win32
		{BC1BC600-D13E-43B2-A3D9-62677AB80EAA}.Debug|x86.Build.0 = Debug|Win32
		{BC1BC600-D13E-43B2-A3D9-62677AB80EAA}.Release|x64.ActiveCfg = Release|x64
		{BC1BC600-D13E-43B2-A3D9-62677AB80EAA}.Release|x64.Build.0 = Release|x64
		{BC1BC600-D13E-43B2-A3D9-62677AB80EAA}.Release|x86.ActiveCfg = Release|Win32
		{BC1BC600-D13E-43B2-A3D9-62677AB80EAA}.Release|x86.Build.0 = Release|Win32
	EndGlobalSection
	GlobalSection(SolutionProperties) = preSolution
		HideSolutionNode = FALSE
	EndGlobalSection
	GlobalSection(ExtensibilityGlobals) = postSolution
		SolutionGuid = {504FD547-885E-46BD-AA6A-A43808B42454}
	EndGlobalSection
EndGlobal
