
Microsoft Visual Studio Solution File, Format Version 12.00
# Visual Studio Version 17
VisualStudioVersion = 17.5.33627.172
MinimumVisualStudioVersion = 10.0.40219.1
Project("{8BC9CEB8-8B4A-11D0-8D11-00A0C91BC942}") = "task1_DeclaringClass", "task1_DeclaringClass\task1_DeclaringClass.vcxproj", "{B4A31DAF-BADD-405C-AFAB-931A1DC1B308}"
EndProject
Project("{8BC9CEB8-8B4A-11D0-8D11-00A0C91BC942}") = "task2_DotOperator", "task2_DotOperator\task2_DotOperator.vcxproj", "{34FC04FB-BD8D-42F3-8BF6-24097C16AF83}"
EndProject
Project("{8BC9CEB8-8B4A-11D0-8D11-00A0C91BC942}") = "task3_PointerOperator", "task3_PointerOperator\task3_PointerOperator.vcxproj", "{2916E3B3-1DE0-48EF-A1AC-C10C2A0D06A8}"
EndProject
Project("{8BC9CEB8-8B4A-11D0-8D11-00A0C91BC942}") = "task4_Constructor", "task4_Constructor\task4_Constructor.vcxproj", "{4770F971-B6E3-43D7-A546-CCCC929F1983}"
EndProject
Project("{8BC9CEB8-8B4A-11D0-8D11-00A0C91BC942}") = "task5_DeclaringImplementing", "task5_DeclaringImplementing\task5_DeclaringImplementing.vcxproj", "{9BEE8175-CA77-42A1-A8D0-93BF97F4A5F2}"
EndProject
Project("{8BC9CEB8-8B4A-11D0-8D11-00A0C91BC942}") = "task6_OverloadingConstructors", "task6_OverloadingConstructors\task6_OverloadingConstructors.vcxproj", "{0B20FCDD-D4A1-4321-8082-72A8BFFB6C2C}"
EndProject
Project("{8BC9CEB8-8B4A-11D0-8D11-00A0C91BC942}") = "task7_WithoutDefaultConstructor", "task7_WithoutDefaultConstructor\task7_WithoutDefaultConstructor.vcxproj", "{DF5449B6-C8A2-4774-94FF-512D4E865D64}"
EndProject
Project("{8BC9CEB8-8B4A-11D0-8D11-00A0C91BC942}") = "task8_ConstructorDefaultValues", "task8_ConstructorDefaultValues\task8_ConstructorDefaultValues.vcxproj", "{AF197877-25F5-4138-8DEA-33623BC4FA24}"
EndProject
Project("{8BC9CEB8-8B4A-11D0-8D11-00A0C91BC942}") = "task9_ConstructorsInitializationLists", "task9_ConstructorsInitializationLists\task9_ConstructorsInitializationLists.vcxproj", "{A201C811-3885-4C89-AA91-06CB120B5573}"
EndProject
Project("{8BC9CEB8-8B4A-11D0-8D11-00A0C91BC942}") = "task10_Destructor", "task10_Destructor\task10_Destructor.vcxproj", "{2B5AB986-002A-4C0C-9C3E-EAB7CAD696FB}"
EndProject
Project("{8BC9CEB8-8B4A-11D0-8D11-00A0C91BC942}") = "lesson10_CopyConstructor", "lesson10_CopyConstructor\lesson10_CopyConstructor.vcxproj", "{A3BAEBB5-D8C3-49EC-B90D-135B95A8E065}"
EndProject
Project("{8BC9CEB8-8B4A-11D0-8D11-00A0C91BC942}") = "task12_ShallowCopying", "task11_ShallowCopying\task11_ShallowCopying.vcxproj", "{EAF06126-F90E-4EBD-AE91-49EB11FF4452}"
EndProject
Project("{8BC9CEB8-8B4A-11D0-8D11-00A0C91BC942}") = "task13_DeepCopy", "task12_DeepCopy\task12_DeepCopy.vcxproj", "{B4D74B15-1EBC-4760-B5F9-75F8DE000939}"
EndProject
Project("{8BC9CEB8-8B4A-11D0-8D11-00A0C91BC942}") = "task14_MoveConstructors", "task13_MoveConstructors\task13_MoveConstructors.vcxproj", "{15DC6E29-310D-4666-8D68-77AF306B7C9B}"
EndProject
Project("{8BC9CEB8-8B4A-11D0-8D11-00A0C91BC942}") = "task15_DoesNotPermitCopying", "task14_DoesNotPermitCopying\task14_DoesNotPermitCopying.vcxproj", "{7AAF9178-294B-4A50-97A9-CBC9D470A366}"
EndProject
Project("{8BC9CEB8-8B4A-11D0-8D11-00A0C91BC942}") = "task16_Singleton", "task15_Singleton\task15_Singleton.vcxproj", "{5127A165-28AA-477F-88E4-484A7E7A50E4}"
EndProject
Project("{8BC9CEB8-8B4A-11D0-8D11-00A0C91BC942}") = "task17_ProhibitsStack", "task16_ProhibitsStack\task16_ProhibitsStack.vcxproj", "{4B0A3CF1-D73F-45D2-8AF8-7B2A541AFC7C}"
EndProject
Project("{8BC9CEB8-8B4A-11D0-8D11-00A0C91BC942}") = "task18_ConvertTypes", "task17_ConvertTypes\task17_ConvertTypes.vcxproj", "{1D72EA19-B6B8-42A3-8286-2548A440E9B6}"
EndProject
Project("{8BC9CEB8-8B4A-11D0-8D11-00A0C91BC942}") = "task19_This", "task18_This\task18_This.vcxproj", "{AD1713BB-4085-4507-B3BD-E223BA03E528}"
EndProject
Project("{8BC9CEB8-8B4A-11D0-8D11-00A0C91BC942}") = "task20_Sizeof", "task19_Sizeof\task19_Sizeof.vcxproj", "{76634EBC-8564-4FD6-9BD7-3334CCB564BC}"
EndProject
Project("{8BC9CEB8-8B4A-11D0-8D11-00A0C91BC942}") = "task21_Struct", "task20_Struct\task20_Struct.vcxproj", "{4C250705-ADDA-4C52-A704-5713641FBC92}"
EndProject
Project("{8BC9CEB8-8B4A-11D0-8D11-00A0C91BC942}") = "task11_CopyConstructor", "task11_CopyConstructor\task11_CopyConstructor.vcxproj", "{598446C5-963C-4657-8BE4-431A319F6893}"
EndProject
Project("{8BC9CEB8-8B4A-11D0-8D11-00A0C91BC942}") = "task22_Friend", "task22_Friend\task22_Friend.vcxproj", "{1305F8DF-13F7-4B79-941D-373972CCA472}"
EndProject
Project("{8BC9CEB8-8B4A-11D0-8D11-00A0C91BC942}") = "task23_Union", "task23_Union\task23_Union.vcxproj", "{E65C487D-854F-493E-A517-9B326EAEDE4A}"
EndProject
Project("{8BC9CEB8-8B4A-11D0-8D11-00A0C91BC942}") = "task24_AggregateInitialization", "task24_AggregateInitialization\task24_AggregateInitialization.vcxproj", "{77438996-7018-4A01-9895-071E55CBAC1F}"
EndProject
Project("{8BC9CEB8-8B4A-11D0-8D11-00A0C91BC942}") = "task25_Constexpr", "task25_Constexpr\task25_Constexpr.vcxproj", "{5B865602-8671-4A35-AE8F-A81E57B8817B}"
EndProject
Global
	GlobalSection(SolutionConfigurationPlatforms) = preSolution
		Debug|x64 = Debug|x64
		Debug|x86 = Debug|x86
		Release|x64 = Release|x64
		Release|x86 = Release|x86
	EndGlobalSection
	GlobalSection(ProjectConfigurationPlatforms) = postSolution
		{B4A31DAF-BADD-405C-AFAB-931A1DC1B308}.Debug|x64.ActiveCfg = Debug|x64
		{B4A31DAF-BADD-405C-AFAB-931A1DC1B308}.Debug|x64.Build.0 = Debug|x64
		{B4A31DAF-BADD-405C-AFAB-931A1DC1B308}.Debug|x86.ActiveCfg = Debug|Win32
		{B4A31DAF-BADD-405C-AFAB-931A1DC1B308}.Debug|x86.Build.0 = Debug|Win32
		{B4A31DAF-BADD-405C-AFAB-931A1DC1B308}.Release|x64.ActiveCfg = Release|x64
		{B4A31DAF-BADD-405C-AFAB-931A1DC1B308}.Release|x64.Build.0 = Release|x64
		{B4A31DAF-BADD-405C-AFAB-931A1DC1B308}.Release|x86.ActiveCfg = Release|Win32
		{B4A31DAF-BADD-405C-AFAB-931A1DC1B308}.Release|x86.Build.0 = Release|Win32
		{34FC04FB-BD8D-42F3-8BF6-24097C16AF83}.Debug|x64.ActiveCfg = Debug|x64
		{34FC04FB-BD8D-42F3-8BF6-24097C16AF83}.Debug|x64.Build.0 = Debug|x64
		{34FC04FB-BD8D-42F3-8BF6-24097C16AF83}.Debug|x86.ActiveCfg = Debug|Win32
		{34FC04FB-BD8D-42F3-8BF6-24097C16AF83}.Debug|x86.Build.0 = Debug|Win32
		{34FC04FB-BD8D-42F3-8BF6-24097C16AF83}.Release|x64.ActiveCfg = Release|x64
		{34FC04FB-BD8D-42F3-8BF6-24097C16AF83}.Release|x64.Build.0 = Release|x64
		{34FC04FB-BD8D-42F3-8BF6-24097C16AF83}.Release|x86.ActiveCfg = Release|Win32
		{34FC04FB-BD8D-42F3-8BF6-24097C16AF83}.Release|x86.Build.0 = Release|Win32
		{2916E3B3-1DE0-48EF-A1AC-C10C2A0D06A8}.Debug|x64.ActiveCfg = Debug|x64
		{2916E3B3-1DE0-48EF-A1AC-C10C2A0D06A8}.Debug|x64.Build.0 = Debug|x64
		{2916E3B3-1DE0-48EF-A1AC-C10C2A0D06A8}.Debug|x86.ActiveCfg = Debug|Win32
		{2916E3B3-1DE0-48EF-A1AC-C10C2A0D06A8}.Debug|x86.Build.0 = Debug|Win32
		{2916E3B3-1DE0-48EF-A1AC-C10C2A0D06A8}.Release|x64.ActiveCfg = Release|x64
		{2916E3B3-1DE0-48EF-A1AC-C10C2A0D06A8}.Release|x64.Build.0 = Release|x64
		{2916E3B3-1DE0-48EF-A1AC-C10C2A0D06A8}.Release|x86.ActiveCfg = Release|Win32
		{2916E3B3-1DE0-48EF-A1AC-C10C2A0D06A8}.Release|x86.Build.0 = Release|Win32
		{4770F971-B6E3-43D7-A546-CCCC929F1983}.Debug|x64.ActiveCfg = Debug|x64
		{4770F971-B6E3-43D7-A546-CCCC929F1983}.Debug|x64.Build.0 = Debug|x64
		{4770F971-B6E3-43D7-A546-CCCC929F1983}.Debug|x86.ActiveCfg = Debug|Win32
		{4770F971-B6E3-43D7-A546-CCCC929F1983}.Debug|x86.Build.0 = Debug|Win32
		{4770F971-B6E3-43D7-A546-CCCC929F1983}.Release|x64.ActiveCfg = Release|x64
		{4770F971-B6E3-43D7-A546-CCCC929F1983}.Release|x64.Build.0 = Release|x64
		{4770F971-B6E3-43D7-A546-CCCC929F1983}.Release|x86.ActiveCfg = Release|Win32
		{4770F971-B6E3-43D7-A546-CCCC929F1983}.Release|x86.Build.0 = Release|Win32
		{9BEE8175-CA77-42A1-A8D0-93BF97F4A5F2}.Debug|x64.ActiveCfg = Debug|x64
		{9BEE8175-CA77-42A1-A8D0-93BF97F4A5F2}.Debug|x64.Build.0 = Debug|x64
		{9BEE8175-CA77-42A1-A8D0-93BF97F4A5F2}.Debug|x86.ActiveCfg = Debug|Win32
		{9BEE8175-CA77-42A1-A8D0-93BF97F4A5F2}.Debug|x86.Build.0 = Debug|Win32
		{9BEE8175-CA77-42A1-A8D0-93BF97F4A5F2}.Release|x64.ActiveCfg = Release|x64
		{9BEE8175-CA77-42A1-A8D0-93BF97F4A5F2}.Release|x64.Build.0 = Release|x64
		{9BEE8175-CA77-42A1-A8D0-93BF97F4A5F2}.Release|x86.ActiveCfg = Release|Win32
		{9BEE8175-CA77-42A1-A8D0-93BF97F4A5F2}.Release|x86.Build.0 = Release|Win32
		{0B20FCDD-D4A1-4321-8082-72A8BFFB6C2C}.Debug|x64.ActiveCfg = Debug|x64
		{0B20FCDD-D4A1-4321-8082-72A8BFFB6C2C}.Debug|x64.Build.0 = Debug|x64
		{0B20FCDD-D4A1-4321-8082-72A8BFFB6C2C}.Debug|x86.ActiveCfg = Debug|Win32
		{0B20FCDD-D4A1-4321-8082-72A8BFFB6C2C}.Debug|x86.Build.0 = Debug|Win32
		{0B20FCDD-D4A1-4321-8082-72A8BFFB6C2C}.Release|x64.ActiveCfg = Release|x64
		{0B20FCDD-D4A1-4321-8082-72A8BFFB6C2C}.Release|x64.Build.0 = Release|x64
		{0B20FCDD-D4A1-4321-8082-72A8BFFB6C2C}.Release|x86.ActiveCfg = Release|Win32
		{0B20FCDD-D4A1-4321-8082-72A8BFFB6C2C}.Release|x86.Build.0 = Release|Win32
		{DF5449B6-C8A2-4774-94FF-512D4E865D64}.Debug|x64.ActiveCfg = Debug|x64
		{DF5449B6-C8A2-4774-94FF-512D4E865D64}.Debug|x64.Build.0 = Debug|x64
		{DF5449B6-C8A2-4774-94FF-512D4E865D64}.Debug|x86.ActiveCfg = Debug|Win32
		{DF5449B6-C8A2-4774-94FF-512D4E865D64}.Debug|x86.Build.0 = Debug|Win32
		{DF5449B6-C8A2-4774-94FF-512D4E865D64}.Release|x64.ActiveCfg = Release|x64
		{DF5449B6-C8A2-4774-94FF-512D4E865D64}.Release|x64.Build.0 = Release|x64
		{DF5449B6-C8A2-4774-94FF-512D4E865D64}.Release|x86.ActiveCfg = Release|Win32
		{DF5449B6-C8A2-4774-94FF-512D4E865D64}.Release|x86.Build.0 = Release|Win32
		{AF197877-25F5-4138-8DEA-33623BC4FA24}.Debug|x64.ActiveCfg = Debug|x64
		{AF197877-25F5-4138-8DEA-33623BC4FA24}.Debug|x64.Build.0 = Debug|x64
		{AF197877-25F5-4138-8DEA-33623BC4FA24}.Debug|x86.ActiveCfg = Debug|Win32
		{AF197877-25F5-4138-8DEA-33623BC4FA24}.Debug|x86.Build.0 = Debug|Win32
		{AF197877-25F5-4138-8DEA-33623BC4FA24}.Release|x64.ActiveCfg = Release|x64
		{AF197877-25F5-4138-8DEA-33623BC4FA24}.Release|x64.Build.0 = Release|x64
		{AF197877-25F5-4138-8DEA-33623BC4FA24}.Release|x86.ActiveCfg = Release|Win32
		{AF197877-25F5-4138-8DEA-33623BC4FA24}.Release|x86.Build.0 = Release|Win32
		{A201C811-3885-4C89-AA91-06CB120B5573}.Debug|x64.ActiveCfg = Debug|x64
		{A201C811-3885-4C89-AA91-06CB120B5573}.Debug|x64.Build.0 = Debug|x64
		{A201C811-3885-4C89-AA91-06CB120B5573}.Debug|x86.ActiveCfg = Debug|Win32
		{A201C811-3885-4C89-AA91-06CB120B5573}.Debug|x86.Build.0 = Debug|Win32
		{A201C811-3885-4C89-AA91-06CB120B5573}.Release|x64.ActiveCfg = Release|x64
		{A201C811-3885-4C89-AA91-06CB120B5573}.Release|x64.Build.0 = Release|x64
		{A201C811-3885-4C89-AA91-06CB120B5573}.Release|x86.ActiveCfg = Release|Win32
		{A201C811-3885-4C89-AA91-06CB120B5573}.Release|x86.Build.0 = Release|Win32
		{2B5AB986-002A-4C0C-9C3E-EAB7CAD696FB}.Debug|x64.ActiveCfg = Debug|x64
		{2B5AB986-002A-4C0C-9C3E-EAB7CAD696FB}.Debug|x64.Build.0 = Debug|x64
		{2B5AB986-002A-4C0C-9C3E-EAB7CAD696FB}.Debug|x86.ActiveCfg = Debug|Win32
		{2B5AB986-002A-4C0C-9C3E-EAB7CAD696FB}.Debug|x86.Build.0 = Debug|Win32
		{2B5AB986-002A-4C0C-9C3E-EAB7CAD696FB}.Release|x64.ActiveCfg = Release|x64
		{2B5AB986-002A-4C0C-9C3E-EAB7CAD696FB}.Release|x64.Build.0 = Release|x64
		{2B5AB986-002A-4C0C-9C3E-EAB7CAD696FB}.Release|x86.ActiveCfg = Release|Win32
		{2B5AB986-002A-4C0C-9C3E-EAB7CAD696FB}.Release|x86.Build.0 = Release|Win32
		{A3BAEBB5-D8C3-49EC-B90D-135B95A8E065}.Debug|x64.ActiveCfg = Debug|x64
		{A3BAEBB5-D8C3-49EC-B90D-135B95A8E065}.Debug|x64.Build.0 = Debug|x64
		{A3BAEBB5-D8C3-49EC-B90D-135B95A8E065}.Debug|x86.ActiveCfg = Debug|Win32
		{A3BAEBB5-D8C3-49EC-B90D-135B95A8E065}.Debug|x86.Build.0 = Debug|Win32
		{A3BAEBB5-D8C3-49EC-B90D-135B95A8E065}.Release|x64.ActiveCfg = Release|x64
		{A3BAEBB5-D8C3-49EC-B90D-135B95A8E065}.Release|x64.Build.0 = Release|x64
		{A3BAEBB5-D8C3-49EC-B90D-135B95A8E065}.Release|x86.ActiveCfg = Release|Win32
		{A3BAEBB5-D8C3-49EC-B90D-135B95A8E065}.Release|x86.Build.0 = Release|Win32
		{EAF06126-F90E-4EBD-AE91-49EB11FF4452}.Debug|x64.ActiveCfg = Debug|x64
		{EAF06126-F90E-4EBD-AE91-49EB11FF4452}.Debug|x64.Build.0 = Debug|x64
		{EAF06126-F90E-4EBD-AE91-49EB11FF4452}.Debug|x86.ActiveCfg = Debug|Win32
		{EAF06126-F90E-4EBD-AE91-49EB11FF4452}.Debug|x86.Build.0 = Debug|Win32
		{EAF06126-F90E-4EBD-AE91-49EB11FF4452}.Release|x64.ActiveCfg = Release|x64
		{EAF06126-F90E-4EBD-AE91-49EB11FF4452}.Release|x64.Build.0 = Release|x64
		{EAF06126-F90E-4EBD-AE91-49EB11FF4452}.Release|x86.ActiveCfg = Release|Win32
		{EAF06126-F90E-4EBD-AE91-49EB11FF4452}.Release|x86.Build.0 = Release|Win32
		{B4D74B15-1EBC-4760-B5F9-75F8DE000939}.Debug|x64.ActiveCfg = Debug|x64
		{B4D74B15-1EBC-4760-B5F9-75F8DE000939}.Debug|x64.Build.0 = Debug|x64
		{B4D74B15-1EBC-4760-B5F9-75F8DE000939}.Debug|x86.ActiveCfg = Debug|Win32
		{B4D74B15-1EBC-4760-B5F9-75F8DE000939}.Debug|x86.Build.0 = Debug|Win32
		{B4D74B15-1EBC-4760-B5F9-75F8DE000939}.Release|x64.ActiveCfg = Release|x64
		{B4D74B15-1EBC-4760-B5F9-75F8DE000939}.Release|x64.Build.0 = Release|x64
		{B4D74B15-1EBC-4760-B5F9-75F8DE000939}.Release|x86.ActiveCfg = Release|Win32
		{B4D74B15-1EBC-4760-B5F9-75F8DE000939}.Release|x86.Build.0 = Release|Win32
		{15DC6E29-310D-4666-8D68-77AF306B7C9B}.Debug|x64.ActiveCfg = Debug|x64
		{15DC6E29-310D-4666-8D68-77AF306B7C9B}.Debug|x64.Build.0 = Debug|x64
		{15DC6E29-310D-4666-8D68-77AF306B7C9B}.Debug|x86.ActiveCfg = Debug|Win32
		{15DC6E29-310D-4666-8D68-77AF306B7C9B}.Debug|x86.Build.0 = Debug|Win32
		{15DC6E29-310D-4666-8D68-77AF306B7C9B}.Release|x64.ActiveCfg = Release|x64
		{15DC6E29-310D-4666-8D68-77AF306B7C9B}.Release|x64.Build.0 = Release|x64
		{15DC6E29-310D-4666-8D68-77AF306B7C9B}.Release|x86.ActiveCfg = Release|Win32
		{15DC6E29-310D-4666-8D68-77AF306B7C9B}.Release|x86.Build.0 = Release|Win32
		{7AAF9178-294B-4A50-97A9-CBC9D470A366}.Debug|x64.ActiveCfg = Debug|x64
		{7AAF9178-294B-4A50-97A9-CBC9D470A366}.Debug|x64.Build.0 = Debug|x64
		{7AAF9178-294B-4A50-97A9-CBC9D470A366}.Debug|x86.ActiveCfg = Debug|Win32
		{7AAF9178-294B-4A50-97A9-CBC9D470A366}.Debug|x86.Build.0 = Debug|Win32
		{7AAF9178-294B-4A50-97A9-CBC9D470A366}.Release|x64.ActiveCfg = Release|x64
		{7AAF9178-294B-4A50-97A9-CBC9D470A366}.Release|x64.Build.0 = Release|x64
		{7AAF9178-294B-4A50-97A9-CBC9D470A366}.Release|x86.ActiveCfg = Release|Win32
		{7AAF9178-294B-4A50-97A9-CBC9D470A366}.Release|x86.Build.0 = Release|Win32
		{5127A165-28AA-477F-88E4-484A7E7A50E4}.Debug|x64.ActiveCfg = Debug|x64
		{5127A165-28AA-477F-88E4-484A7E7A50E4}.Debug|x64.Build.0 = Debug|x64
		{5127A165-28AA-477F-88E4-484A7E7A50E4}.Debug|x86.ActiveCfg = Debug|Win32
		{5127A165-28AA-477F-88E4-484A7E7A50E4}.Debug|x86.Build.0 = Debug|Win32
		{5127A165-28AA-477F-88E4-484A7E7A50E4}.Release|x64.ActiveCfg = Release|x64
		{5127A165-28AA-477F-88E4-484A7E7A50E4}.Release|x64.Build.0 = Release|x64
		{5127A165-28AA-477F-88E4-484A7E7A50E4}.Release|x86.ActiveCfg = Release|Win32
		{5127A165-28AA-477F-88E4-484A7E7A50E4}.Release|x86.Build.0 = Release|Win32
		{4B0A3CF1-D73F-45D2-8AF8-7B2A541AFC7C}.Debug|x64.ActiveCfg = Debug|x64
		{4B0A3CF1-D73F-45D2-8AF8-7B2A541AFC7C}.Debug|x64.Build.0 = Debug|x64
		{4B0A3CF1-D73F-45D2-8AF8-7B2A541AFC7C}.Debug|x86.ActiveCfg = Debug|Win32
		{4B0A3CF1-D73F-45D2-8AF8-7B2A541AFC7C}.Debug|x86.Build.0 = Debug|Win32
		{4B0A3CF1-D73F-45D2-8AF8-7B2A541AFC7C}.Release|x64.ActiveCfg = Release|x64
		{4B0A3CF1-D73F-45D2-8AF8-7B2A541AFC7C}.Release|x64.Build.0 = Release|x64
		{4B0A3CF1-D73F-45D2-8AF8-7B2A541AFC7C}.Release|x86.ActiveCfg = Release|Win32
		{4B0A3CF1-D73F-45D2-8AF8-7B2A541AFC7C}.Release|x86.Build.0 = Release|Win32
		{1D72EA19-B6B8-42A3-8286-2548A440E9B6}.Debug|x64.ActiveCfg = Debug|x64
		{1D72EA19-B6B8-42A3-8286-2548A440E9B6}.Debug|x64.Build.0 = Debug|x64
		{1D72EA19-B6B8-42A3-8286-2548A440E9B6}.Debug|x86.ActiveCfg = Debug|Win32
		{1D72EA19-B6B8-42A3-8286-2548A440E9B6}.Debug|x86.Build.0 = Debug|Win32
		{1D72EA19-B6B8-42A3-8286-2548A440E9B6}.Release|x64.ActiveCfg = Release|x64
		{1D72EA19-B6B8-42A3-8286-2548A440E9B6}.Release|x64.Build.0 = Release|x64
		{1D72EA19-B6B8-42A3-8286-2548A440E9B6}.Release|x86.ActiveCfg = Release|Win32
		{1D72EA19-B6B8-42A3-8286-2548A440E9B6}.Release|x86.Build.0 = Release|Win32
		{AD1713BB-4085-4507-B3BD-E223BA03E528}.Debug|x64.ActiveCfg = Debug|x64
		{AD1713BB-4085-4507-B3BD-E223BA03E528}.Debug|x64.Build.0 = Debug|x64
		{AD1713BB-4085-4507-B3BD-E223BA03E528}.Debug|x86.ActiveCfg = Debug|Win32
		{AD1713BB-4085-4507-B3BD-E223BA03E528}.Debug|x86.Build.0 = Debug|Win32
		{AD1713BB-4085-4507-B3BD-E223BA03E528}.Release|x64.ActiveCfg = Release|x64
		{AD1713BB-4085-4507-B3BD-E223BA03E528}.Release|x64.Build.0 = Release|x64
		{AD1713BB-4085-4507-B3BD-E223BA03E528}.Release|x86.ActiveCfg = Release|Win32
		{AD1713BB-4085-4507-B3BD-E223BA03E528}.Release|x86.Build.0 = Release|Win32
		{76634EBC-8564-4FD6-9BD7-3334CCB564BC}.Debug|x64.ActiveCfg = Debug|x64
		{76634EBC-8564-4FD6-9BD7-3334CCB564BC}.Debug|x64.Build.0 = Debug|x64
		{76634EBC-8564-4FD6-9BD7-3334CCB564BC}.Debug|x86.ActiveCfg = Debug|Win32
		{76634EBC-8564-4FD6-9BD7-3334CCB564BC}.Debug|x86.Build.0 = Debug|Win32
		{76634EBC-8564-4FD6-9BD7-3334CCB564BC}.Release|x64.ActiveCfg = Release|x64
		{76634EBC-8564-4FD6-9BD7-3334CCB564BC}.Release|x64.Build.0 = Release|x64
		{76634EBC-8564-4FD6-9BD7-3334CCB564BC}.Release|x86.ActiveCfg = Release|Win32
		{76634EBC-8564-4FD6-9BD7-3334CCB564BC}.Release|x86.Build.0 = Release|Win32
		{4C250705-ADDA-4C52-A704-5713641FBC92}.Debug|x64.ActiveCfg = Debug|x64
		{4C250705-ADDA-4C52-A704-5713641FBC92}.Debug|x64.Build.0 = Debug|x64
		{4C250705-ADDA-4C52-A704-5713641FBC92}.Debug|x86.ActiveCfg = Debug|Win32
		{4C250705-ADDA-4C52-A704-5713641FBC92}.Debug|x86.Build.0 = Debug|Win32
		{4C250705-ADDA-4C52-A704-5713641FBC92}.Release|x64.ActiveCfg = Release|x64
		{4C250705-ADDA-4C52-A704-5713641FBC92}.Release|x64.Build.0 = Release|x64
		{4C250705-ADDA-4C52-A704-5713641FBC92}.Release|x86.ActiveCfg = Release|Win32
		{4C250705-ADDA-4C52-A704-5713641FBC92}.Release|x86.Build.0 = Release|Win32
		{598446C5-963C-4657-8BE4-431A319F6893}.Debug|x64.ActiveCfg = Debug|x64
		{598446C5-963C-4657-8BE4-431A319F6893}.Debug|x64.Build.0 = Debug|x64
		{598446C5-963C-4657-8BE4-431A319F6893}.Debug|x86.ActiveCfg = Debug|Win32
		{598446C5-963C-4657-8BE4-431A319F6893}.Debug|x86.Build.0 = Debug|Win32
		{598446C5-963C-4657-8BE4-431A319F6893}.Release|x64.ActiveCfg = Release|x64
		{598446C5-963C-4657-8BE4-431A319F6893}.Release|x64.Build.0 = Release|x64
		{598446C5-963C-4657-8BE4-431A319F6893}.Release|x86.ActiveCfg = Release|Win32
		{598446C5-963C-4657-8BE4-431A319F6893}.Release|x86.Build.0 = Release|Win32
		{1305F8DF-13F7-4B79-941D-373972CCA472}.Debug|x64.ActiveCfg = Debug|x64
		{1305F8DF-13F7-4B79-941D-373972CCA472}.Debug|x64.Build.0 = Debug|x64
		{1305F8DF-13F7-4B79-941D-373972CCA472}.Debug|x86.ActiveCfg = Debug|Win32
		{1305F8DF-13F7-4B79-941D-373972CCA472}.Debug|x86.Build.0 = Debug|Win32
		{1305F8DF-13F7-4B79-941D-373972CCA472}.Release|x64.ActiveCfg = Release|x64
		{1305F8DF-13F7-4B79-941D-373972CCA472}.Release|x64.Build.0 = Release|x64
		{1305F8DF-13F7-4B79-941D-373972CCA472}.Release|x86.ActiveCfg = Release|Win32
		{1305F8DF-13F7-4B79-941D-373972CCA472}.Release|x86.Build.0 = Release|Win32
		{E65C487D-854F-493E-A517-9B326EAEDE4A}.Debug|x64.ActiveCfg = Debug|x64
		{E65C487D-854F-493E-A517-9B326EAEDE4A}.Debug|x64.Build.0 = Debug|x64
		{E65C487D-854F-493E-A517-9B326EAEDE4A}.Debug|x86.ActiveCfg = Debug|Win32
		{E65C487D-854F-493E-A517-9B326EAEDE4A}.Debug|x86.Build.0 = Debug|Win32
		{E65C487D-854F-493E-A517-9B326EAEDE4A}.Release|x64.ActiveCfg = Release|x64
		{E65C487D-854F-493E-A517-9B326EAEDE4A}.Release|x64.Build.0 = Release|x64
		{E65C487D-854F-493E-A517-9B326EAEDE4A}.Release|x86.ActiveCfg = Release|Win32
		{E65C487D-854F-493E-A517-9B326EAEDE4A}.Release|x86.Build.0 = Release|Win32
		{77438996-7018-4A01-9895-071E55CBAC1F}.Debug|x64.ActiveCfg = Debug|x64
		{77438996-7018-4A01-9895-071E55CBAC1F}.Debug|x64.Build.0 = Debug|x64
		{77438996-7018-4A01-9895-071E55CBAC1F}.Debug|x86.ActiveCfg = Debug|Win32
		{77438996-7018-4A01-9895-071E55CBAC1F}.Debug|x86.Build.0 = Debug|Win32
		{77438996-7018-4A01-9895-071E55CBAC1F}.Release|x64.ActiveCfg = Release|x64
		{77438996-7018-4A01-9895-071E55CBAC1F}.Release|x64.Build.0 = Release|x64
		{77438996-7018-4A01-9895-071E55CBAC1F}.Release|x86.ActiveCfg = Release|Win32
		{77438996-7018-4A01-9895-071E55CBAC1F}.Release|x86.Build.0 = Release|Win32
		{5B865602-8671-4A35-AE8F-A81E57B8817B}.Debug|x64.ActiveCfg = Debug|x64
		{5B865602-8671-4A35-AE8F-A81E57B8817B}.Debug|x64.Build.0 = Debug|x64
		{5B865602-8671-4A35-AE8F-A81E57B8817B}.Debug|x86.ActiveCfg = Debug|Win32
		{5B865602-8671-4A35-AE8F-A81E57B8817B}.Debug|x86.Build.0 = Debug|Win32
		{5B865602-8671-4A35-AE8F-A81E57B8817B}.Release|x64.ActiveCfg = Release|x64
		{5B865602-8671-4A35-AE8F-A81E57B8817B}.Release|x64.Build.0 = Release|x64
		{5B865602-8671-4A35-AE8F-A81E57B8817B}.Release|x86.ActiveCfg = Release|Win32
		{5B865602-8671-4A35-AE8F-A81E57B8817B}.Release|x86.Build.0 = Release|Win32
	EndGlobalSection
	GlobalSection(SolutionProperties) = preSolution
		HideSolutionNode = FALSE
	EndGlobalSection
	GlobalSection(ExtensibilityGlobals) = postSolution
		SolutionGuid = {D6567A9E-24D9-4B8A-81DC-26EC08FDC480}
	EndGlobalSection
EndGlobal
